{
  "requires": true,
  "lockfileVersion": 1,
  "dependencies": {
    "datepickerx": {
      "version": "1.1.1",
      "resolved": "https://registry.npmjs.org/datepickerx/-/datepickerx-1.1.1.tgz",
      "integrity": "sha512-06EyhD0mefAjXS4JbmTm4a6lmC7zDR3ftMk4IQXtWViW7o+LVNnr4khk4yfEx7K6Gls2hgiuY1wG0sBGn8Y3sg=="
    },
    "moment": {
      "version": "2.29.1",
      "resolved": "https://registry.npmjs.org/moment/-/moment-2.29.1.tgz",
      "integrity": "sha512-kHmoybcPV8Sqy59DwNDY3Jefr64lK/by/da0ViFcuA4DH0vQg5Q6Ze5VimxkfQNSC+Mls/Kx53s7TjP1RhFEDQ=="
    }
  }
}
